
Microsoft Visual Studio Solution File, Format Version 12.00
# Visual Studio 15
VisualStudioVersion = 15.0.26124.0
MinimumVisualStudioVersion = 15.0.26124.0
Project("{FAE04EC0-301F-11D3-BF4B-00C04F79EFBC}") = "Concludo.Core", "src\Concludo.Core\Concludo.Core.csproj", "{FF95B2CA-0351-4063-AB5C-371479D8E12C}"
EndProject
Project("{FAE04EC0-301F-11D3-BF4B-00C04F79EFBC}") = "Concludo.Tests", "test\Concludo.Tests.csproj", "{51161D54-3AB2-4A07-A8BA-E1DC8E58D252}"
EndProject
Global
	GlobalSection(SolutionConfigurationPlatforms) = preSolution
		Debug|Any CPU = Debug|Any CPU
		Debug|x64 = Debug|x64
		Debug|x86 = Debug|x86
		Release|Any CPU = Release|Any CPU
		Release|x64 = Release|x64
		Release|x86 = Release|x86
	EndGlobalSection
	GlobalSection(SolutionProperties) = preSolution
		HideSolutionNode = FALSE
	EndGlobalSection
	GlobalSection(ProjectConfigurationPlatforms) = postSolution
		{FF95B2CA-0351-4063-AB5C-371479D8E12C}.Debug|Any CPU.ActiveCfg = Debug|Any CPU
		{FF95B2CA-0351-4063-AB5C-371479D8E12C}.Debug|Any CPU.Build.0 = Debug|Any CPU
		{FF95B2CA-0351-4063-AB5C-371479D8E12C}.Debug|x64.ActiveCfg = Debug|Any CPU
		{FF95B2CA-0351-4063-AB5C-371479D8E12C}.Debug|x64.Build.0 = Debug|Any CPU
		{FF95B2CA-0351-4063-AB5C-371479D8E12C}.Debug|x86.ActiveCfg = Debug|Any CPU
		{FF95B2CA-0351-4063-AB5C-371479D8E12C}.Debug|x86.Build.0 = Debug|Any CPU
		{FF95B2CA-0351-4063-AB5C-371479D8E12C}.Release|Any CPU.ActiveCfg = Release|Any CPU
		{FF95B2CA-0351-4063-AB5C-371479D8E12C}.Release|Any CPU.Build.0 = Release|Any CPU
		{FF95B2CA-0351-4063-AB5C-371479D8E12C}.Release|x64.ActiveCfg = Release|Any CPU
		{FF95B2CA-0351-4063-AB5C-371479D8E12C}.Release|x64.Build.0 = Release|Any CPU
		{FF95B2CA-0351-4063-AB5C-371479D8E12C}.Release|x86.ActiveCfg = Release|Any CPU
		{FF95B2CA-0351-4063-AB5C-371479D8E12C}.Release|x86.Build.0 = Release|Any CPU
		{51161D54-3AB2-4A07-A8BA-E1DC8E58D252}.Debug|Any CPU.ActiveCfg = Debug|Any CPU
		{51161D54-3AB2-4A07-A8BA-E1DC8E58D252}.Debug|Any CPU.Build.0 = Debug|Any CPU
		{51161D54-3AB2-4A07-A8BA-E1DC8E58D252}.Debug|x64.ActiveCfg = Debug|Any CPU
		{51161D54-3AB2-4A07-A8BA-E1DC8E58D252}.Debug|x64.Build.0 = Debug|Any CPU
		{51161D54-3AB2-4A07-A8BA-E1DC8E58D252}.Debug|x86.ActiveCfg = Debug|Any CPU
		{51161D54-3AB2-4A07-A8BA-E1DC8E58D252}.Debug|x86.Build.0 = Debug|Any CPU
		{51161D54-3AB2-4A07-A8BA-E1DC8E58D252}.Release|Any CPU.ActiveCfg = Release|Any CPU
		{51161D54-3AB2-4A07-A8BA-E1DC8E58D252}.Release|Any CPU.Build.0 = Release|Any CPU
		{51161D54-3AB2-4A07-A8BA-E1DC8E58D252}.Release|x64.ActiveCfg = Release|Any CPU
		{51161D54-3AB2-4A07-A8BA-E1DC8E58D252}.Release|x64.Build.0 = Release|Any CPU
		{51161D54-3AB2-4A07-A8BA-E1DC8E58D252}.Release|x86.ActiveCfg = Release|Any CPU
		{51161D54-3AB2-4A07-A8BA-E1DC8E58D252}.Release|x86.Build.0 = Release|Any CPU
	EndGlobalSection
EndGlobal
